{
  "version": 4,
  "terraform_version": "1.3.5",
  "serial": 110,
  "lineage": "c141e7bc-c693-662f-d943-9b3c5e3f0ac3",
  "outputs": {
    "ip": {
      "value": "52.157.180.174",
      "type": "string"
    }
  },
  "resources": [
    {
      "mode": "data",
      "type": "azurerm_public_ip",
      "name": "public_ip",
      "provider": "provider[\"registry.terraform.io/hashicorp/azurerm\"]",
      "instances": [
        {
          "schema_version": 0,
          "attributes": {
            "allocation_method": "Static",
            "domain_name_label": "",
            "fqdn": "",
            "id": "/subscriptions/93b68eec-92b7-4aea-be17-47fd84de9cb2/resourceGroups/terraform-resources-rg/providers/Microsoft.Network/publicIPAddresses/PublicIP",
            "idle_timeout_in_minutes": 4,
            "ip_address": "52.157.180.174",
            "ip_tags": {},
            "ip_version": "IPv4",
            "location": "westeurope",
            "name": "PublicIP",
            "resource_group_name": "terraform-resources-rg",
            "reverse_fqdn": "",
            "sku": "Standard",
            "tags": {
              "environment": "dev"
            },
            "timeouts": null,
            "zones": []
          },
          "sensitive_attributes": []
        }
      ]
    },
    {
      "mode": "data",
      "type": "azurerm_resource_group",
      "name": "terraform-resources-rg",
      "provider": "provider[\"registry.terraform.io/hashicorp/azurerm\"]",
      "instances": [
        {
          "schema_version": 0,
          "attributes": {
            "id": "/subscriptions/93b68eec-92b7-4aea-be17-47fd84de9cb2/resourceGroups/terraform-resources-rg",
            "location": "westeurope",
            "name": "terraform-resources-rg",
            "tags": {},
            "timeouts": null
          },
          "sensitive_attributes": []
        }
      ]
    },
    {
      "mode": "managed",
      "type": "azurerm_availability_set",
      "name": "demo",
      "provider": "provider[\"registry.terraform.io/hashicorp/azurerm\"]",
      "instances": [
        {
          "schema_version": 0,
          "attributes": {
            "id": "/subscriptions/93b68eec-92b7-4aea-be17-47fd84de9cb2/resourceGroups/terraform-resources-rg/providers/Microsoft.Compute/availabilitySets/example-aset",
            "location": "westeurope",
            "managed": true,
            "name": "example-aset",
            "platform_fault_domain_count": 3,
            "platform_update_domain_count": 5,
            "proximity_placement_group_id": null,
            "resource_group_name": "terraform-resources-rg",
            "tags": null,
            "timeouts": null
          },
          "sensitive_attributes": [],
          "private": "eyJlMmJmYjczMC1lY2FhLTExZTYtOGY4OC0zNDM2M2JjN2M0YzAiOnsiY3JlYXRlIjoxODAwMDAwMDAwMDAwLCJkZWxldGUiOjE4MDAwMDAwMDAwMDAsInJlYWQiOjMwMDAwMDAwMDAwMCwidXBkYXRlIjoxODAwMDAwMDAwMDAwfX0=",
          "dependencies": [
            "data.azurerm_resource_group.terraform-resources-rg"
          ]
        }
      ]
    },
    {
      "mode": "managed",
      "type": "azurerm_backup_policy_vm",
      "name": "assessment_backup_policy",
      "provider": "provider[\"registry.terraform.io/hashicorp/azurerm\"]",
      "instances": [
        {
          "schema_version": 0,
          "attributes": {
            "backup": [
              {
                "frequency": "Daily",
                "time": "23:00",
                "weekdays": null
              }
            ],
            "id": "/subscriptions/93b68eec-92b7-4aea-be17-47fd84de9cb2/resourceGroups/terraform-resources-rg/providers/Microsoft.RecoveryServices/vaults/nickbranson-sandbox-recovery-vault/backupPolicies/nickbranson-sandbox-vault-policy",
            "instant_restore_retention_days": 2,
            "name": "nickbranson-sandbox-vault-policy",
            "recovery_vault_name": "nickbranson-sandbox-recovery-vault",
            "resource_group_name": "terraform-resources-rg",
            "retention_daily": [
              {
                "count": 10
              }
            ],
            "retention_monthly": [
              {
                "count": 7,
                "weekdays": [
                  "Sunday",
                  "Wednesday"
                ],
                "weeks": [
                  "First",
                  "Last"
                ]
              }
            ],
            "retention_weekly": [
              {
                "count": 42,
                "weekdays": [
                  "Friday",
                  "Saturday",
                  "Sunday",
                  "Wednesday"
                ]
              }
            ],
            "retention_yearly": [
              {
                "count": 77,
                "months": [
                  "January"
                ],
                "weekdays": [
                  "Sunday"
                ],
                "weeks": [
                  "Last"
                ]
              }
            ],
            "timeouts": null,
            "timezone": "UTC"
          },
          "sensitive_attributes": [],
          "private": "eyJlMmJmYjczMC1lY2FhLTExZTYtOGY4OC0zNDM2M2JjN2M0YzAiOnsiY3JlYXRlIjoxODAwMDAwMDAwMDAwLCJkZWxldGUiOjE4MDAwMDAwMDAwMDAsInJlYWQiOjMwMDAwMDAwMDAwMCwidXBkYXRlIjoxODAwMDAwMDAwMDAwfX0=",
          "dependencies": [
            "azurerm_recovery_services_vault.vm_backup_vault",
            "data.azurerm_resource_group.terraform-resources-rg"
          ]
        }
      ]
    },
    {
      "mode": "managed",
      "type": "azurerm_backup_protected_vm",
      "name": "network_south_vm_backup",
      "provider": "provider[\"registry.terraform.io/hashicorp/azurerm\"]",
      "instances": [
        {
          "index_key": 0,
          "schema_version": 0,
          "attributes": {
            "backup_policy_id": "/subscriptions/93b68eec-92b7-4aea-be17-47fd84de9cb2/resourceGroups/terraform-resources-rg/providers/Microsoft.RecoveryServices/vaults/nickbranson-sandbox-recovery-vault/backupPolicies/nickbranson-sandbox-vault-policy",
            "exclude_disk_luns": null,
            "id": "/subscriptions/93b68eec-92b7-4aea-be17-47fd84de9cb2/resourceGroups/terraform-resources-rg/providers/Microsoft.RecoveryServices/vaults/nickbranson-sandbox-recovery-vault/backupFabrics/Azure/protectionContainers/IaasVMContainer;iaasvmcontainerv2;terraform-resources-rg;acctvm0/protectedItems/VM;iaasvmcontainerv2;terraform-resources-rg;acctvm0",
            "include_disk_luns": null,
            "recovery_vault_name": "nickbranson-sandbox-recovery-vault",
            "resource_group_name": "terraform-resources-rg",
            "source_vm_id": "/subscriptions/93b68eec-92b7-4aea-be17-47fd84de9cb2/resourceGroups/terraform-resources-rg/providers/Microsoft.Compute/virtualMachines/acctvm0",
            "timeouts": null
          },
          "sensitive_attributes": [],
          "private": "eyJlMmJmYjczMC1lY2FhLTExZTYtOGY4OC0zNDM2M2JjN2M0YzAiOnsiY3JlYXRlIjo0ODAwMDAwMDAwMDAwLCJkZWxldGUiOjQ4MDAwMDAwMDAwMDAsInJlYWQiOjMwMDAwMDAwMDAwMCwidXBkYXRlIjo0ODAwMDAwMDAwMDAwfX0=",
          "dependencies": [
            "azurerm_availability_set.demo",
            "azurerm_backup_policy_vm.assessment_backup_policy",
            "azurerm_network_interface.example",
            "azurerm_recovery_services_vault.vm_backup_vault",
            "azurerm_subnet.subnet",
            "azurerm_virtual_network.vnet_auto",
            "azurerm_windows_virtual_machine.example",
            "data.azurerm_resource_group.terraform-resources-rg"
          ]
        }
      ]
    },
    {
      "mode": "managed",
      "type": "azurerm_lb",
      "name": "example",
      "provider": "provider[\"registry.terraform.io/hashicorp/azurerm\"]",
      "instances": [
        {
          "schema_version": 0,
          "attributes": {
            "edge_zone": "",
            "frontend_ip_configuration": [
              {
                "gateway_load_balancer_frontend_ip_configuration_id": "",
                "id": "/subscriptions/93b68eec-92b7-4aea-be17-47fd84de9cb2/resourceGroups/terraform-resources-rg/providers/Microsoft.Network/loadBalancers/LoadBalancer/frontendIPConfigurations/FrontendPublicIP",
                "inbound_nat_rules": [],
                "load_balancer_rules": [],
                "name": "FrontendPublicIP",
                "outbound_rules": [],
                "private_ip_address": "",
                "private_ip_address_allocation": "Dynamic",
                "private_ip_address_version": "",
                "public_ip_address_id": "/subscriptions/93b68eec-92b7-4aea-be17-47fd84de9cb2/resourceGroups/terraform-resources-rg/providers/Microsoft.Network/publicIPAddresses/PublicIP",
                "public_ip_prefix_id": "",
                "subnet_id": "",
                "zones": null
              }
            ],
            "id": "/subscriptions/93b68eec-92b7-4aea-be17-47fd84de9cb2/resourceGroups/terraform-resources-rg/providers/Microsoft.Network/loadBalancers/LoadBalancer",
            "location": "westeurope",
            "name": "LoadBalancer",
            "private_ip_address": "",
            "private_ip_addresses": [],
            "resource_group_name": "terraform-resources-rg",
            "sku": "Standard",
            "sku_tier": "Regional",
            "tags": null,
            "timeouts": null
          },
          "sensitive_attributes": [],
          "private": "eyJlMmJmYjczMC1lY2FhLTExZTYtOGY4OC0zNDM2M2JjN2M0YzAiOnsiY3JlYXRlIjoxODAwMDAwMDAwMDAwLCJkZWxldGUiOjE4MDAwMDAwMDAwMDAsInJlYWQiOjMwMDAwMDAwMDAwMCwidXBkYXRlIjoxODAwMDAwMDAwMDAwfX0=",
          "dependencies": [
            "azurerm_public_ip.example",
            "data.azurerm_resource_group.terraform-resources-rg"
          ]
        }
      ]
    },
    {
      "mode": "managed",
      "type": "azurerm_lb_backend_address_pool",
      "name": "example",
      "provider": "provider[\"registry.terraform.io/hashicorp/azurerm\"]",
      "instances": [
        {
          "schema_version": 0,
          "attributes": {
            "backend_ip_configurations": [],
            "id": "/subscriptions/93b68eec-92b7-4aea-be17-47fd84de9cb2/resourceGroups/terraform-resources-rg/providers/Microsoft.Network/loadBalancers/LoadBalancer/backendAddressPools/BackendAddressPool",
            "load_balancing_rules": [],
            "loadbalancer_id": "/subscriptions/93b68eec-92b7-4aea-be17-47fd84de9cb2/resourceGroups/terraform-resources-rg/providers/Microsoft.Network/loadBalancers/LoadBalancer",
            "name": "BackendAddressPool",
            "outbound_rules": [],
            "timeouts": null,
            "tunnel_interface": []
          },
          "sensitive_attributes": [],
          "private": "eyJlMmJmYjczMC1lY2FhLTExZTYtOGY4OC0zNDM2M2JjN2M0YzAiOnsiY3JlYXRlIjoxODAwMDAwMDAwMDAwLCJkZWxldGUiOjE4MDAwMDAwMDAwMDAsInJlYWQiOjMwMDAwMDAwMDAwMCwidXBkYXRlIjoxODAwMDAwMDAwMDAwfX0=",
          "dependencies": [
            "azurerm_lb.example",
            "azurerm_public_ip.example",
            "data.azurerm_resource_group.terraform-resources-rg"
          ]
        }
      ]
    },
    {
      "mode": "managed",
      "type": "azurerm_lb_probe",
      "name": "example",
      "provider": "provider[\"registry.terraform.io/hashicorp/azurerm\"]",
      "instances": [
        {
          "schema_version": 0,
          "attributes": {
            "id": "/subscriptions/93b68eec-92b7-4aea-be17-47fd84de9cb2/resourceGroups/terraform-resources-rg/providers/Microsoft.Network/loadBalancers/LoadBalancer/probes/tcp-probe",
            "interval_in_seconds": 5,
            "load_balancer_rules": [],
            "loadbalancer_id": "/subscriptions/93b68eec-92b7-4aea-be17-47fd84de9cb2/resourceGroups/terraform-resources-rg/providers/Microsoft.Network/loadBalancers/LoadBalancer",
            "name": "tcp-probe",
            "number_of_probes": 2,
            "port": 443,
            "protocol": "Tcp",
            "request_path": "",
            "timeouts": null
          },
          "sensitive_attributes": [],
          "private": "eyJlMmJmYjczMC1lY2FhLTExZTYtOGY4OC0zNDM2M2JjN2M0YzAiOnsiY3JlYXRlIjoxODAwMDAwMDAwMDAwLCJkZWxldGUiOjE4MDAwMDAwMDAwMDAsInJlYWQiOjMwMDAwMDAwMDAwMCwidXBkYXRlIjoxODAwMDAwMDAwMDAwfX0=",
          "dependencies": [
            "azurerm_lb.example",
            "azurerm_public_ip.example",
            "data.azurerm_resource_group.terraform-resources-rg"
          ]
        }
      ]
    },
    {
      "mode": "managed",
      "type": "azurerm_lb_rule",
      "name": "example",
      "provider": "provider[\"registry.terraform.io/hashicorp/azurerm\"]",
      "instances": [
        {
          "schema_version": 0,
          "attributes": {
            "backend_address_pool_ids": [
              "/subscriptions/93b68eec-92b7-4aea-be17-47fd84de9cb2/resourceGroups/terraform-resources-rg/providers/Microsoft.Network/loadBalancers/LoadBalancer/backendAddressPools/BackendAddressPool"
            ],
            "backend_port": 443,
            "disable_outbound_snat": false,
            "enable_floating_ip": false,
            "enable_tcp_reset": false,
            "frontend_ip_configuration_id": "/subscriptions/93b68eec-92b7-4aea-be17-47fd84de9cb2/resourceGroups/terraform-resources-rg/providers/Microsoft.Network/loadBalancers/LoadBalancer/frontendIPConfigurations/FrontendPublicIP",
            "frontend_ip_configuration_name": "FrontendPublicIP",
            "frontend_port": 443,
            "id": "/subscriptions/93b68eec-92b7-4aea-be17-47fd84de9cb2/resourceGroups/terraform-resources-rg/providers/Microsoft.Network/loadBalancers/LoadBalancer/loadBalancingRules/web-https-rule",
            "idle_timeout_in_minutes": 4,
            "load_distribution": "Default",
            "loadbalancer_id": "/subscriptions/93b68eec-92b7-4aea-be17-47fd84de9cb2/resourceGroups/terraform-resources-rg/providers/Microsoft.Network/loadBalancers/LoadBalancer",
            "name": "web-https-rule",
            "probe_id": "/subscriptions/93b68eec-92b7-4aea-be17-47fd84de9cb2/resourceGroups/terraform-resources-rg/providers/Microsoft.Network/loadBalancers/LoadBalancer/probes/tcp-probe",
            "protocol": "Tcp",
            "timeouts": null
          },
          "sensitive_attributes": [],
          "private": "eyJlMmJmYjczMC1lY2FhLTExZTYtOGY4OC0zNDM2M2JjN2M0YzAiOnsiY3JlYXRlIjoxODAwMDAwMDAwMDAwLCJkZWxldGUiOjE4MDAwMDAwMDAwMDAsInJlYWQiOjMwMDAwMDAwMDAwMCwidXBkYXRlIjoxODAwMDAwMDAwMDAwfX0=",
          "dependencies": [
            "azurerm_lb.example",
            "azurerm_lb_backend_address_pool.example",
            "azurerm_lb_probe.example",
            "azurerm_public_ip.example",
            "data.azurerm_resource_group.terraform-resources-rg"
          ]
        }
      ]
    },
    {
      "mode": "managed",
      "type": "azurerm_network_interface",
      "name": "example",
      "provider": "provider[\"registry.terraform.io/hashicorp/azurerm\"]",
      "instances": [
        {
          "index_key": 0,
          "schema_version": 0,
          "attributes": {
            "applied_dns_servers": [],
            "dns_servers": [],
            "edge_zone": "",
            "enable_accelerated_networking": false,
            "enable_ip_forwarding": false,
            "id": "/subscriptions/93b68eec-92b7-4aea-be17-47fd84de9cb2/resourceGroups/terraform-resources-rg/providers/Microsoft.Network/networkInterfaces/acctni0",
            "internal_dns_name_label": "",
            "internal_domain_name_suffix": "u2qkijd2kmoelkkgcveyc3hdhf.ax.internal.cloudapp.net",
            "ip_configuration": [
              {
                "gateway_load_balancer_frontend_ip_configuration_id": "",
                "name": "IPConfig1",
                "primary": true,
                "private_ip_address": "10.0.1.4",
                "private_ip_address_allocation": "Dynamic",
                "private_ip_address_version": "IPv4",
                "public_ip_address_id": "",
                "subnet_id": "/subscriptions/93b68eec-92b7-4aea-be17-47fd84de9cb2/resourceGroups/terraform-resources-rg/providers/Microsoft.Network/virtualNetworks/tf-vnet/subnets/internal"
              }
            ],
            "location": "westeurope",
            "mac_address": "",
            "name": "acctni0",
            "private_ip_address": "10.0.1.4",
            "private_ip_addresses": [
              "10.0.1.4"
            ],
            "resource_group_name": "terraform-resources-rg",
            "tags": null,
            "timeouts": null,
            "virtual_machine_id": ""
          },
          "sensitive_attributes": [],
          "private": "eyJlMmJmYjczMC1lY2FhLTExZTYtOGY4OC0zNDM2M2JjN2M0YzAiOnsiY3JlYXRlIjoxODAwMDAwMDAwMDAwLCJkZWxldGUiOjE4MDAwMDAwMDAwMDAsInJlYWQiOjMwMDAwMDAwMDAwMCwidXBkYXRlIjoxODAwMDAwMDAwMDAwfX0=",
          "dependencies": [
            "azurerm_subnet.subnet",
            "azurerm_virtual_network.vnet_auto",
            "data.azurerm_resource_group.terraform-resources-rg"
          ]
        }
      ]
    },
    {
      "mode": "managed",
      "type": "azurerm_network_interface_backend_address_pool_association",
      "name": "example",
      "provider": "provider[\"registry.terraform.io/hashicorp/azurerm\"]",
      "instances": [
        {
          "index_key": 0,
          "schema_version": 0,
          "attributes": {
            "backend_address_pool_id": "/subscriptions/93b68eec-92b7-4aea-be17-47fd84de9cb2/resourceGroups/terraform-resources-rg/providers/Microsoft.Network/loadBalancers/LoadBalancer/backendAddressPools/BackendAddressPool",
            "id": "/subscriptions/93b68eec-92b7-4aea-be17-47fd84de9cb2/resourceGroups/terraform-resources-rg/providers/Microsoft.Network/networkInterfaces/acctni0/ipConfigurations/IPConfig1|/subscriptions/93b68eec-92b7-4aea-be17-47fd84de9cb2/resourceGroups/terraform-resources-rg/providers/Microsoft.Network/loadBalancers/LoadBalancer/backendAddressPools/BackendAddressPool",
            "ip_configuration_name": "IPConfig1",
            "network_interface_id": "/subscriptions/93b68eec-92b7-4aea-be17-47fd84de9cb2/resourceGroups/terraform-resources-rg/providers/Microsoft.Network/networkInterfaces/acctni0",
            "timeouts": null
          },
          "sensitive_attributes": [],
          "private": "eyJlMmJmYjczMC1lY2FhLTExZTYtOGY4OC0zNDM2M2JjN2M0YzAiOnsiY3JlYXRlIjoxODAwMDAwMDAwMDAwLCJkZWxldGUiOjE4MDAwMDAwMDAwMDAsInJlYWQiOjMwMDAwMDAwMDAwMCwidXBkYXRlIjoxODAwMDAwMDAwMDAwfX0=",
          "dependencies": [
            "azurerm_lb.example",
            "azurerm_lb_backend_address_pool.example",
            "azurerm_network_interface.example",
            "azurerm_public_ip.example",
            "azurerm_subnet.subnet",
            "azurerm_virtual_network.vnet_auto",
            "data.azurerm_resource_group.terraform-resources-rg"
          ]
        }
      ]
    },
    {
      "mode": "managed",
      "type": "azurerm_network_security_group",
      "name": "example",
      "provider": "provider[\"registry.terraform.io/hashicorp/azurerm\"]",
      "instances": [
        {
          "schema_version": 0,
          "attributes": {
            "id": "/subscriptions/93b68eec-92b7-4aea-be17-47fd84de9cb2/resourceGroups/terraform-resources-rg/providers/Microsoft.Network/networkSecurityGroups/NetworkRules",
            "location": "westeurope",
            "name": "NetworkRules",
            "resource_group_name": "terraform-resources-rg",
            "security_rule": [
              {
                "access": "Allow",
                "description": "",
                "destination_address_prefix": "*",
                "destination_address_prefixes": [],
                "destination_application_security_group_ids": [],
                "destination_port_range": "443",
                "destination_port_ranges": [],
                "direction": "Inbound",
                "name": "allow443",
                "priority": 100,
                "protocol": "Tcp",
                "source_address_prefix": "*",
                "source_address_prefixes": [],
                "source_application_security_group_ids": [],
                "source_port_range": "*",
                "source_port_ranges": []
              }
            ],
            "tags": {
              "CREATED-BY": "Nick Branson"
            },
            "timeouts": null
          },
          "sensitive_attributes": [],
          "private": "eyJlMmJmYjczMC1lY2FhLTExZTYtOGY4OC0zNDM2M2JjN2M0YzAiOnsiY3JlYXRlIjoxODAwMDAwMDAwMDAwLCJkZWxldGUiOjE4MDAwMDAwMDAwMDAsInJlYWQiOjMwMDAwMDAwMDAwMCwidXBkYXRlIjoxODAwMDAwMDAwMDAwfX0=",
          "dependencies": [
            "data.azurerm_resource_group.terraform-resources-rg"
          ]
        }
      ]
    },
    {
      "mode": "managed",
      "type": "azurerm_public_ip",
      "name": "example",
      "provider": "provider[\"registry.terraform.io/hashicorp/azurerm\"]",
      "instances": [
        {
          "schema_version": 0,
          "attributes": {
            "allocation_method": "Static",
            "domain_name_label": null,
            "edge_zone": "",
            "fqdn": null,
            "id": "/subscriptions/93b68eec-92b7-4aea-be17-47fd84de9cb2/resourceGroups/terraform-resources-rg/providers/Microsoft.Network/publicIPAddresses/PublicIP",
            "idle_timeout_in_minutes": 4,
            "ip_address": "52.157.180.174",
            "ip_tags": null,
            "ip_version": "IPv4",
            "location": "westeurope",
            "name": "PublicIP",
            "public_ip_prefix_id": null,
            "resource_group_name": "terraform-resources-rg",
            "reverse_fqdn": null,
            "sku": "Standard",
            "sku_tier": "Regional",
            "tags": {
              "environment": "dev"
            },
            "timeouts": null,
            "zones": null
          },
          "sensitive_attributes": [],
          "private": "eyJlMmJmYjczMC1lY2FhLTExZTYtOGY4OC0zNDM2M2JjN2M0YzAiOnsiY3JlYXRlIjoxODAwMDAwMDAwMDAwLCJkZWxldGUiOjE4MDAwMDAwMDAwMDAsInJlYWQiOjMwMDAwMDAwMDAwMCwidXBkYXRlIjoxODAwMDAwMDAwMDAwfX0=",
          "dependencies": [
            "data.azurerm_resource_group.terraform-resources-rg"
          ]
        }
      ]
    },
    {
      "mode": "managed",
      "type": "azurerm_recovery_services_vault",
      "name": "vm_backup_vault",
      "provider": "provider[\"registry.terraform.io/hashicorp/azurerm\"]",
      "instances": [
        {
          "schema_version": 0,
          "attributes": {
            "cross_region_restore_enabled": false,
            "encryption": [],
            "id": "/subscriptions/93b68eec-92b7-4aea-be17-47fd84de9cb2/resourceGroups/terraform-resources-rg/providers/Microsoft.RecoveryServices/vaults/nickbranson-sandbox-recovery-vault",
            "identity": [],
            "location": "westeurope",
            "name": "nickbranson-sandbox-recovery-vault",
            "resource_group_name": "terraform-resources-rg",
            "sku": "Standard",
            "soft_delete_enabled": false,
            "storage_mode_type": "GeoRedundant",
            "tags": {},
            "timeouts": null
          },
          "sensitive_attributes": [],
          "private": "eyJlMmJmYjczMC1lY2FhLTExZTYtOGY4OC0zNDM2M2JjN2M0YzAiOnsiY3JlYXRlIjoxODAwMDAwMDAwMDAwLCJkZWxldGUiOjE4MDAwMDAwMDAwMDAsInJlYWQiOjMwMDAwMDAwMDAwMCwidXBkYXRlIjoxODAwMDAwMDAwMDAwfX0=",
          "dependencies": [
            "data.azurerm_resource_group.terraform-resources-rg"
          ]
        }
      ]
    },
    {
      "mode": "managed",
      "type": "azurerm_role_assignment",
      "name": "vm_contributor",
      "provider": "provider[\"registry.terraform.io/hashicorp/azurerm\"]",
      "instances": [
        {
          "index_key": 0,
          "schema_version": 0,
          "attributes": {
            "condition": "",
            "condition_version": "",
            "delegated_managed_identity_resource_id": "",
            "description": "",
            "id": "/subscriptions/93b68eec-92b7-4aea-be17-47fd84de9cb2/resourceGroups/terraform-resources-rg/providers/Microsoft.Compute/virtualMachines/acctvm0/providers/Microsoft.Authorization/roleAssignments/c55c31b4-7d24-4611-3991-862101d6ca6b",
            "name": "c55c31b4-7d24-4611-3991-862101d6ca6b",
            "principal_id": "15178b50-4f65-4e43-9648-230e6c26076c",
            "principal_type": "User",
            "role_definition_id": "/subscriptions/93b68eec-92b7-4aea-be17-47fd84de9cb2/providers/Microsoft.Authorization/roleDefinitions/9980e02c-c2be-4d73-94e8-173b1dc7cf3c",
            "role_definition_name": "Virtual Machine Contributor",
            "scope": "/subscriptions/93b68eec-92b7-4aea-be17-47fd84de9cb2/resourceGroups/terraform-resources-rg/providers/Microsoft.Compute/virtualMachines/acctvm0",
            "skip_service_principal_aad_check": null,
            "timeouts": null
          },
          "sensitive_attributes": [],
          "private": "eyJlMmJmYjczMC1lY2FhLTExZTYtOGY4OC0zNDM2M2JjN2M0YzAiOnsiY3JlYXRlIjoxODAwMDAwMDAwMDAwLCJkZWxldGUiOjE4MDAwMDAwMDAwMDAsInJlYWQiOjMwMDAwMDAwMDAwMCwidXBkYXRlIjoxODAwMDAwMDAwMDAwfX0=",
          "dependencies": [
            "azurerm_availability_set.demo",
            "azurerm_network_interface.example",
            "azurerm_subnet.subnet",
            "azurerm_virtual_network.vnet_auto",
            "azurerm_windows_virtual_machine.example",
            "data.azurerm_resource_group.terraform-resources-rg"
          ]
        }
      ]
    },
    {
      "mode": "managed",
      "type": "azurerm_role_assignment",
      "name": "vm_metrics_reader",
      "provider": "provider[\"registry.terraform.io/hashicorp/azurerm\"]",
      "instances": [
        {
          "index_key": 0,
          "schema_version": 0,
          "attributes": {
            "condition": "",
            "condition_version": "",
            "delegated_managed_identity_resource_id": "",
            "description": "",
            "id": "/subscriptions/93b68eec-92b7-4aea-be17-47fd84de9cb2/resourceGroups/terraform-resources-rg/providers/Microsoft.Compute/virtualMachines/acctvm0/providers/Microsoft.Authorization/roleAssignments/5db98b7c-5309-590d-ddf1-ea6784f8a68f",
            "name": "5db98b7c-5309-590d-ddf1-ea6784f8a68f",
            "principal_id": "15178b50-4f65-4e43-9648-230e6c26076c",
            "principal_type": "User",
            "role_definition_id": "/subscriptions/93b68eec-92b7-4aea-be17-47fd84de9cb2/providers/Microsoft.Authorization/roleDefinitions/43d0d8ad-25c7-4714-9337-8ba259a9fe05",
            "role_definition_name": "Monitoring Reader",
            "scope": "/subscriptions/93b68eec-92b7-4aea-be17-47fd84de9cb2/resourceGroups/terraform-resources-rg/providers/Microsoft.Compute/virtualMachines/acctvm0",
            "skip_service_principal_aad_check": null,
            "timeouts": null
          },
          "sensitive_attributes": [],
          "private": "eyJlMmJmYjczMC1lY2FhLTExZTYtOGY4OC0zNDM2M2JjN2M0YzAiOnsiY3JlYXRlIjoxODAwMDAwMDAwMDAwLCJkZWxldGUiOjE4MDAwMDAwMDAwMDAsInJlYWQiOjMwMDAwMDAwMDAwMCwidXBkYXRlIjoxODAwMDAwMDAwMDAwfX0=",
          "dependencies": [
            "azurerm_availability_set.demo",
            "azurerm_network_interface.example",
            "azurerm_subnet.subnet",
            "azurerm_virtual_network.vnet_auto",
            "azurerm_windows_virtual_machine.example",
            "data.azurerm_resource_group.terraform-resources-rg"
          ]
        }
      ]
    },
    {
      "mode": "managed",
      "type": "azurerm_subnet",
      "name": "subnet",
      "provider": "provider[\"registry.terraform.io/hashicorp/azurerm\"]",
      "instances": [
        {
          "schema_version": 0,
          "attributes": {
            "address_prefixes": [
              "10.0.1.0/24"
            ],
            "delegation": [],
            "enforce_private_link_endpoint_network_policies": false,
            "enforce_private_link_service_network_policies": false,
            "id": "/subscriptions/93b68eec-92b7-4aea-be17-47fd84de9cb2/resourceGroups/terraform-resources-rg/providers/Microsoft.Network/virtualNetworks/tf-vnet/subnets/internal",
            "name": "internal",
            "resource_group_name": "terraform-resources-rg",
            "service_endpoint_policy_ids": null,
            "service_endpoints": null,
            "timeouts": null,
            "virtual_network_name": "tf-vnet"
          },
          "sensitive_attributes": [],
          "private": "eyJlMmJmYjczMC1lY2FhLTExZTYtOGY4OC0zNDM2M2JjN2M0YzAiOnsiY3JlYXRlIjoxODAwMDAwMDAwMDAwLCJkZWxldGUiOjE4MDAwMDAwMDAwMDAsInJlYWQiOjMwMDAwMDAwMDAwMCwidXBkYXRlIjoxODAwMDAwMDAwMDAwfX0=",
          "dependencies": [
            "azurerm_virtual_network.vnet_auto",
            "data.azurerm_resource_group.terraform-resources-rg"
          ]
        }
      ]
    },
    {
      "mode": "managed",
      "type": "azurerm_subnet_network_security_group_association",
      "name": "example",
      "provider": "provider[\"registry.terraform.io/hashicorp/azurerm\"]",
      "instances": [
        {
          "schema_version": 0,
          "attributes": {
            "id": "/subscriptions/93b68eec-92b7-4aea-be17-47fd84de9cb2/resourceGroups/terraform-resources-rg/providers/Microsoft.Network/virtualNetworks/tf-vnet/subnets/internal",
            "network_security_group_id": "/subscriptions/93b68eec-92b7-4aea-be17-47fd84de9cb2/resourceGroups/terraform-resources-rg/providers/Microsoft.Network/networkSecurityGroups/NetworkRules",
            "subnet_id": "/subscriptions/93b68eec-92b7-4aea-be17-47fd84de9cb2/resourceGroups/terraform-resources-rg/providers/Microsoft.Network/virtualNetworks/tf-vnet/subnets/internal",
            "timeouts": null
          },
          "sensitive_attributes": [],
          "private": "eyJlMmJmYjczMC1lY2FhLTExZTYtOGY4OC0zNDM2M2JjN2M0YzAiOnsiY3JlYXRlIjoxODAwMDAwMDAwMDAwLCJkZWxldGUiOjE4MDAwMDAwMDAwMDAsInJlYWQiOjMwMDAwMDAwMDAwMCwidXBkYXRlIjoxODAwMDAwMDAwMDAwfX0=",
          "dependencies": [
            "azurerm_network_security_group.example",
            "azurerm_subnet.subnet",
            "azurerm_virtual_network.vnet_auto",
            "data.azurerm_resource_group.terraform-resources-rg"
          ]
        }
      ]
    },
    {
      "mode": "managed",
      "type": "azurerm_virtual_machine_extension",
      "name": "vm_extension_install_iis",
      "provider": "provider[\"registry.terraform.io/hashicorp/azurerm\"]",
      "instances": [
        {
          "index_key": 0,
          "schema_version": 0,
          "attributes": {
            "auto_upgrade_minor_version": true,
            "automatic_upgrade_enabled": false,
            "id": "/subscriptions/93b68eec-92b7-4aea-be17-47fd84de9cb2/resourceGroups/terraform-resources-rg/providers/Microsoft.Compute/virtualMachines/acctvm0/extensions/vm_extension_install_iis",
            "name": "vm_extension_install_iis",
            "protected_settings": null,
            "publisher": "Microsoft.Compute",
            "settings": "{\"commandToExecute\":\"powershell -ExecutionPolicy Unrestricted Install-WindowsFeature -Name Web-Server -IncludeAllSubFeature -IncludeManagementTools\"}",
            "tags": {
              "CREATED BY": "Nick Branson"
            },
            "timeouts": null,
            "type": "CustomScriptExtension",
            "type_handler_version": "1.8",
            "virtual_machine_id": "/subscriptions/93b68eec-92b7-4aea-be17-47fd84de9cb2/resourceGroups/terraform-resources-rg/providers/Microsoft.Compute/virtualMachines/acctvm0"
          },
          "sensitive_attributes": [],
          "private": "eyJlMmJmYjczMC1lY2FhLTExZTYtOGY4OC0zNDM2M2JjN2M0YzAiOnsiY3JlYXRlIjoxODAwMDAwMDAwMDAwLCJkZWxldGUiOjE4MDAwMDAwMDAwMDAsInJlYWQiOjMwMDAwMDAwMDAwMCwidXBkYXRlIjoxODAwMDAwMDAwMDAwfX0=",
          "dependencies": [
            "azurerm_availability_set.demo",
            "azurerm_network_interface.example",
            "azurerm_subnet.subnet",
            "azurerm_virtual_network.vnet_auto",
            "azurerm_windows_virtual_machine.example",
            "data.azurerm_resource_group.terraform-resources-rg"
          ]
        }
      ]
    },
    {
      "mode": "managed",
      "type": "azurerm_virtual_network",
      "name": "vnet_auto",
      "provider": "provider[\"registry.terraform.io/hashicorp/azurerm\"]",
      "instances": [
        {
          "schema_version": 0,
          "attributes": {
            "address_space": [
              "10.0.0.0/16"
            ],
            "bgp_community": "",
            "ddos_protection_plan": [],
            "dns_servers": [],
            "edge_zone": "",
            "flow_timeout_in_minutes": 0,
            "guid": "24a420a7-537c-451c-a946-15498174e33d",
            "id": "/subscriptions/93b68eec-92b7-4aea-be17-47fd84de9cb2/resourceGroups/terraform-resources-rg/providers/Microsoft.Network/virtualNetworks/tf-vnet",
            "location": "westeurope",
            "name": "tf-vnet",
            "resource_group_name": "terraform-resources-rg",
            "subnet": [],
            "tags": {
              "CREATED-BY": "Nick Branson",
              "DEPARTMENT": "I\u0026C DevOps"
            },
            "timeouts": null
          },
          "sensitive_attributes": [],
          "private": "eyJlMmJmYjczMC1lY2FhLTExZTYtOGY4OC0zNDM2M2JjN2M0YzAiOnsiY3JlYXRlIjoxODAwMDAwMDAwMDAwLCJkZWxldGUiOjE4MDAwMDAwMDAwMDAsInJlYWQiOjMwMDAwMDAwMDAwMCwidXBkYXRlIjoxODAwMDAwMDAwMDAwfX0=",
          "dependencies": [
            "data.azurerm_resource_group.terraform-resources-rg"
          ]
        }
      ]
    },
    {
      "mode": "managed",
      "type": "azurerm_windows_virtual_machine",
      "name": "example",
      "provider": "provider[\"registry.terraform.io/hashicorp/azurerm\"]",
      "instances": [
        {
          "index_key": 0,
          "schema_version": 0,
          "attributes": {
            "additional_capabilities": [],
            "additional_unattend_content": [],
            "admin_password": "P@$$w0rd1234!",
            "admin_username": "adminuser",
            "allow_extension_operations": true,
            "availability_set_id": "/subscriptions/93b68eec-92b7-4aea-be17-47fd84de9cb2/resourceGroups/terraform-resources-rg/providers/Microsoft.Compute/availabilitySets/EXAMPLE-ASET",
            "boot_diagnostics": [],
            "computer_name": "acctvm0",
            "custom_data": null,
            "dedicated_host_group_id": "",
            "dedicated_host_id": "",
            "edge_zone": "",
            "enable_automatic_updates": true,
            "encryption_at_host_enabled": false,
            "eviction_policy": "",
            "extensions_time_budget": "PT1H30M",
            "hotpatching_enabled": false,
            "id": "/subscriptions/93b68eec-92b7-4aea-be17-47fd84de9cb2/resourceGroups/terraform-resources-rg/providers/Microsoft.Compute/virtualMachines/acctvm0",
            "identity": [],
            "license_type": "",
            "location": "westeurope",
            "max_bid_price": -1,
            "name": "acctvm0",
            "network_interface_ids": [
              "/subscriptions/93b68eec-92b7-4aea-be17-47fd84de9cb2/resourceGroups/terraform-resources-rg/providers/Microsoft.Network/networkInterfaces/acctni0"
            ],
            "os_disk": [
              {
                "caching": "ReadWrite",
                "diff_disk_settings": [],
                "disk_encryption_set_id": "",
                "disk_size_gb": 127,
                "name": "acctvm0_OsDisk_1_0a42d04fd4ed4f2cb8d1692da599eb6e",
                "storage_account_type": "Standard_LRS",
                "write_accelerator_enabled": false
              }
            ],
            "patch_mode": "AutomaticByOS",
            "plan": [],
            "platform_fault_domain": -1,
            "priority": "Regular",
            "private_ip_address": "10.0.1.4",
            "private_ip_addresses": [
              "10.0.1.4"
            ],
            "provision_vm_agent": true,
            "proximity_placement_group_id": "",
            "public_ip_address": "",
            "public_ip_addresses": [],
            "resource_group_name": "terraform-resources-rg",
            "secret": [],
            "secure_boot_enabled": false,
            "size": "Standard_F2",
            "source_image_id": "",
            "source_image_reference": [
              {
                "offer": "WindowsServer",
                "publisher": "MicrosoftWindowsServer",
                "sku": "2019-Datacenter",
                "version": "latest"
              }
            ],
            "tags": {
              "name": "demovm"
            },
            "termination_notification": null,
            "timeouts": null,
            "timezone": "",
            "user_data": "",
            "virtual_machine_id": "9c13e2cc-3675-4db0-9ef9-e3d5713dae7a",
            "virtual_machine_scale_set_id": "",
            "vtpm_enabled": false,
            "winrm_listener": [],
            "zone": ""
          },
          "sensitive_attributes": [],
          "private": "eyJlMmJmYjczMC1lY2FhLTExZTYtOGY4OC0zNDM2M2JjN2M0YzAiOnsiY3JlYXRlIjoyNzAwMDAwMDAwMDAwLCJkZWxldGUiOjI3MDAwMDAwMDAwMDAsInJlYWQiOjMwMDAwMDAwMDAwMCwidXBkYXRlIjoyNzAwMDAwMDAwMDAwfX0=",
          "dependencies": [
            "azurerm_availability_set.demo",
            "azurerm_network_interface.example",
            "azurerm_subnet.subnet",
            "azurerm_virtual_network.vnet_auto",
            "data.azurerm_resource_group.terraform-resources-rg"
          ]
        }
      ]
    }
  ],
  "check_results": null
}
